
Microsoft Visual Studio Solution File, Format Version 12.00
# Visual Studio Version 17
VisualStudioVersion = 17.1.32228.430
MinimumVisualStudioVersion = 10.0.40219.1
Project("{2150E333-8FDC-42A3-9474-1A3956D46DE8}") = "src", "src", "{64569845-1F8C-4531-B89D-18FF43F8CA47}"
EndProject
Project("{2150E333-8FDC-42A3-9474-1A3956D46DE8}") = "test", "test", "{5388C293-7061-4A12-A3C1-7D481B9009CC}"
EndProject
Project("{FAE04EC0-301F-11D3-BF4B-00C04F79EFBC}") = "StoreBDD.Entities", "StoreBDD.Entities\StoreBDD.Entities.csproj", "{224A1B39-44B5-4BCF-B5D5-C569E8995AF1}"
EndProject
Project("{FAE04EC0-301F-11D3-BF4B-00C04F79EFBC}") = "StoreBDD.Infrastructure", "StoreBDD.Infrastructure\StoreBDD.Infrastructure.csproj", "{CD75A582-8634-496F-B805-280F5C6E7264}"
EndProject
Project("{FAE04EC0-301F-11D3-BF4B-00C04F79EFBC}") = "StoreBDD.Migrations", "StoreBDD.Migrations\StoreBDD.Migrations.csproj", "{A8E22E76-A1AA-431F-8E5A-4AF3644A8258}"
EndProject
Project("{FAE04EC0-301F-11D3-BF4B-00C04F79EFBC}") = "StoreBDD.Persistence.EF", "StoreBDD.Persistence.EF\StoreBDD.Persistence.EF.csproj", "{B8C3CDF5-E6D1-409D-A77F-842B5D540C31}"
EndProject
Project("{FAE04EC0-301F-11D3-BF4B-00C04F79EFBC}") = "StoreBDD.Services", "StoreBDD.Services\StoreBDD.Services.csproj", "{9D78A770-C04B-459E-BBF2-C34BC0DE9035}"
EndProject
Project("{FAE04EC0-301F-11D3-BF4B-00C04F79EFBC}") = "StoreBDD.RestAPI", "StoreBDD.RestAPI\StoreBDD.RestAPI.csproj", "{34524AA8-B65A-42E4-A50B-75F93C08CA71}"
EndProject
Project("{FAE04EC0-301F-11D3-BF4B-00C04F79EFBC}") = "StoreBDD.Services.Test.Unit", "StoreBDD.Services.Test.Unit\StoreBDD.Services.Test.Unit.csproj", "{B60C56ED-40FD-42B2-ADDF-BA65F4254B64}"
EndProject
Project("{FAE04EC0-301F-11D3-BF4B-00C04F79EFBC}") = "StoreBDD.Test.Tools", "StoreBDD.Test.Tools\StoreBDD.Test.Tools.csproj", "{BB3DD2BB-9B91-4950-87D4-D43FEE91DFF3}"
EndProject
Project("{FAE04EC0-301F-11D3-BF4B-00C04F79EFBC}") = "StoreBDD.Specs", "StoreBDD.Specs\StoreBDD.Specs.csproj", "{DF4CC217-F842-4B25-8552-5829E730ECA1}"
EndProject
Global
	GlobalSection(SolutionConfigurationPlatforms) = preSolution
		Debug|Any CPU = Debug|Any CPU
		Release|Any CPU = Release|Any CPU
	EndGlobalSection
	GlobalSection(ProjectConfigurationPlatforms) = postSolution
		{224A1B39-44B5-4BCF-B5D5-C569E8995AF1}.Debug|Any CPU.ActiveCfg = Debug|Any CPU
		{224A1B39-44B5-4BCF-B5D5-C569E8995AF1}.Debug|Any CPU.Build.0 = Debug|Any CPU
		{224A1B39-44B5-4BCF-B5D5-C569E8995AF1}.Release|Any CPU.ActiveCfg = Release|Any CPU
		{224A1B39-44B5-4BCF-B5D5-C569E8995AF1}.Release|Any CPU.Build.0 = Release|Any CPU
		{CD75A582-8634-496F-B805-280F5C6E7264}.Debug|Any CPU.ActiveCfg = Debug|Any CPU
		{CD75A582-8634-496F-B805-280F5C6E7264}.Debug|Any CPU.Build.0 = Debug|Any CPU
		{CD75A582-8634-496F-B805-280F5C6E7264}.Release|Any CPU.ActiveCfg = Release|Any CPU
		{CD75A582-8634-496F-B805-280F5C6E7264}.Release|Any CPU.Build.0 = Release|Any CPU
		{A8E22E76-A1AA-431F-8E5A-4AF3644A8258}.Debug|Any CPU.ActiveCfg = Debug|Any CPU
		{A8E22E76-A1AA-431F-8E5A-4AF3644A8258}.Debug|Any CPU.Build.0 = Debug|Any CPU
		{A8E22E76-A1AA-431F-8E5A-4AF3644A8258}.Release|Any CPU.ActiveCfg = Release|Any CPU
		{A8E22E76-A1AA-431F-8E5A-4AF3644A8258}.Release|Any CPU.Build.0 = Release|Any CPU
		{B8C3CDF5-E6D1-409D-A77F-842B5D540C31}.Debug|Any CPU.ActiveCfg = Debug|Any CPU
		{B8C3CDF5-E6D1-409D-A77F-842B5D540C31}.Debug|Any CPU.Build.0 = Debug|Any CPU
		{B8C3CDF5-E6D1-409D-A77F-842B5D540C31}.Release|Any CPU.ActiveCfg = Release|Any CPU
		{B8C3CDF5-E6D1-409D-A77F-842B5D540C31}.Release|Any CPU.Build.0 = Release|Any CPU
		{9D78A770-C04B-459E-BBF2-C34BC0DE9035}.Debug|Any CPU.ActiveCfg = Debug|Any CPU
		{9D78A770-C04B-459E-BBF2-C34BC0DE9035}.Debug|Any CPU.Build.0 = Debug|Any CPU
		{9D78A770-C04B-459E-BBF2-C34BC0DE9035}.Release|Any CPU.ActiveCfg = Release|Any CPU
		{9D78A770-C04B-459E-BBF2-C34BC0DE9035}.Release|Any CPU.Build.0 = Release|Any CPU
		{34524AA8-B65A-42E4-A50B-75F93C08CA71}.Debug|Any CPU.ActiveCfg = Debug|Any CPU
		{34524AA8-B65A-42E4-A50B-75F93C08CA71}.Debug|Any CPU.Build.0 = Debug|Any CPU
		{34524AA8-B65A-42E4-A50B-75F93C08CA71}.Release|Any CPU.ActiveCfg = Release|Any CPU
		{34524AA8-B65A-42E4-A50B-75F93C08CA71}.Release|Any CPU.Build.0 = Release|Any CPU
		{B60C56ED-40FD-42B2-ADDF-BA65F4254B64}.Debug|Any CPU.ActiveCfg = Debug|Any CPU
		{B60C56ED-40FD-42B2-ADDF-BA65F4254B64}.Debug|Any CPU.Build.0 = Debug|Any CPU
		{B60C56ED-40FD-42B2-ADDF-BA65F4254B64}.Release|Any CPU.ActiveCfg = Release|Any CPU
		{B60C56ED-40FD-42B2-ADDF-BA65F4254B64}.Release|Any CPU.Build.0 = Release|Any CPU
		{BB3DD2BB-9B91-4950-87D4-D43FEE91DFF3}.Debug|Any CPU.ActiveCfg = Debug|Any CPU
		{BB3DD2BB-9B91-4950-87D4-D43FEE91DFF3}.Debug|Any CPU.Build.0 = Debug|Any CPU
		{BB3DD2BB-9B91-4950-87D4-D43FEE91DFF3}.Release|Any CPU.ActiveCfg = Release|Any CPU
		{BB3DD2BB-9B91-4950-87D4-D43FEE91DFF3}.Release|Any CPU.Build.0 = Release|Any CPU
		{DF4CC217-F842-4B25-8552-5829E730ECA1}.Debug|Any CPU.ActiveCfg = Debug|Any CPU
		{DF4CC217-F842-4B25-8552-5829E730ECA1}.Debug|Any CPU.Build.0 = Debug|Any CPU
		{DF4CC217-F842-4B25-8552-5829E730ECA1}.Release|Any CPU.ActiveCfg = Release|Any CPU
		{DF4CC217-F842-4B25-8552-5829E730ECA1}.Release|Any CPU.Build.0 = Release|Any CPU
	EndGlobalSection
	GlobalSection(SolutionProperties) = preSolution
		HideSolutionNode = FALSE
	EndGlobalSection
	GlobalSection(NestedProjects) = preSolution
		{224A1B39-44B5-4BCF-B5D5-C569E8995AF1} = {64569845-1F8C-4531-B89D-18FF43F8CA47}
		{CD75A582-8634-496F-B805-280F5C6E7264} = {64569845-1F8C-4531-B89D-18FF43F8CA47}
		{A8E22E76-A1AA-431F-8E5A-4AF3644A8258} = {64569845-1F8C-4531-B89D-18FF43F8CA47}
		{B8C3CDF5-E6D1-409D-A77F-842B5D540C31} = {64569845-1F8C-4531-B89D-18FF43F8CA47}
		{9D78A770-C04B-459E-BBF2-C34BC0DE9035} = {64569845-1F8C-4531-B89D-18FF43F8CA47}
		{34524AA8-B65A-42E4-A50B-75F93C08CA71} = {64569845-1F8C-4531-B89D-18FF43F8CA47}
		{B60C56ED-40FD-42B2-ADDF-BA65F4254B64} = {5388C293-7061-4A12-A3C1-7D481B9009CC}
		{BB3DD2BB-9B91-4950-87D4-D43FEE91DFF3} = {5388C293-7061-4A12-A3C1-7D481B9009CC}
		{DF4CC217-F842-4B25-8552-5829E730ECA1} = {5388C293-7061-4A12-A3C1-7D481B9009CC}
	EndGlobalSection
	GlobalSection(ExtensibilityGlobals) = postSolution
		SolutionGuid = {F788216D-5794-46F9-BDAE-FF994B57756F}
	EndGlobalSection
EndGlobal
